generation:
  shared:
    scene_variant_weights:
      classic: 1.0
      minimal: 1.0
      outline: 1.0
    style_variant_weights:
      studio: 1.0
      accented: 1.0
      marker: 1.0
    accent_color_name_weights:
      red: 1.0
      blue: 1.0
      green: 1.0
      yellow: 1.0
      orange: 1.0
      purple: 1.0
      brown: 1.0
      cyan: 1.0
      magenta: 1.0
      maroon: 1.0
    balanced_scene_variant_sampling: true
    balanced_style_variant_sampling: true
    balanced_accent_color_name_sampling: true
    hour_min: 1
    hour_max: 12
    minute_min: 0
    minute_max: 55
    minute_step: 5
    second_min: 0
    second_max: 55
    second_step: 5
    min_hand_angle_gap_deg: 10.0
  task_overrides:
    task_symbolic__clock__offset_readout:
      delta_minutes_support:
        min: 5
        max: 600
        step: 5
      option_label_support:
      - A
      - B
      - C
      - D
      - E
      - F
      option_count: 6
      correct_option_label_weights:
        A: 1.0
        B: 1.0
        C: 1.0
        D: 1.0
        E: 1.0
        F: 1.0
    task_symbolic__clock__hand_angle_value:
      minute_step: 10
      min_hand_angle_gap_deg: 15.0
      hand_angle_answer_min: 15
      hand_angle_answer_max: 180
      hand_angle_answer_step: 5
      option_label_support:
      - A
      - B
      - C
      - D
      - E
      - F
      option_count: 6
      correct_option_label_weights:
        A: 1.0
        B: 1.0
        C: 1.0
        D: 1.0
        E: 1.0
        F: 1.0
    task_symbolic__clock__full_time_readout:
      minute_step: 5
      second_step: 5
      min_hand_angle_gap_deg: 15.0
      option_label_support:
      - A
      - B
      - C
      - D
      - E
      - F
      option_count: 6
      correct_option_label_weights:
        A: 1.0
        B: 1.0
        C: 1.0
        D: 1.0
        E: 1.0
        F: 1.0
    task_symbolic__clock__alarm_wait_time_value:
      accent_color_name_weights:
        red: 0.0
        blue: 1.0
        green: 1.0
        yellow: 1.0
        orange: 0.0
        purple: 1.0
        brown: 1.0
        cyan: 1.0
        magenta: 0.0
        maroon: 0.0
      alarm_hour_min: 1
      alarm_hour_max: 12
      min_alarm_hand_gap_deg: 20.0
      option_label_support:
      - A
      - B
      - C
      - D
      - E
      - F
      option_count: 6
      correct_option_label_weights:
        A: 1.0
        B: 1.0
        C: 1.0
        D: 1.0
        E: 1.0
        F: 1.0
    task_symbolic__clock__time_extremum_label:
      clock_label_support:
      - A
      - B
      - C
      - D
      - E
      - F
      clock_count_support:
      - 6
      min_compare_gap_minutes: 15
    task_symbolic__clock__equivalent_time_label:
      digital_display_palette_weights:
        charcoal_mint: 1.0
        navy_cyan: 1.0
        graphite_amber: 1.0
        cream_ink: 1.0
        blue_lcd: 1.0
        wine_rose: 1.0
        forest_lime: 1.0
        plum_ice: 1.0
      balanced_digital_display_palette_sampling: true
      option_label_support:
      - A
      - B
      - C
      - D
      - E
      - F
      option_count: 6
      min_option_gap_minutes: 10
    task_symbolic__clock__elapsed_time_value:
      elapsed_minutes_support:
        min: 15
        max: 360
        step: 15
      option_label_support:
      - A
      - B
      - C
      - D
      - E
      - F
      option_count: 6
      correct_option_label_weights:
        A: 1.0
        B: 1.0
        C: 1.0
        D: 1.0
        E: 1.0
        F: 1.0
    task_symbolic__clock__sequence_completion_label:
      sequence_step_minutes_support:
      - 15
      - 30
      - 45
      - 60
      - 90
      missing_slot_support:
      - 0
      - 1
      - 2
      - 3
      option_label_support:
      - A
      - B
      - C
      - D
      option_count: 4
      min_option_gap_minutes: 10
    task_symbolic__clock__time_order_label:
      clock_label_support:
      - A
      - B
      - C
      - D
      option_label_support:
      - "1"
      - "2"
      - "3"
      - "4"
      - "5"
      - "6"
      option_count: 6
      min_compare_gap_minutes: 20

rendering:
  shared:
    canvas_width: 640
    canvas_height: 640
    outer_margin_px: 36
    face_radius_px: 236
    bezel_width_px: 10
    bezel_width_px_min: 8
    bezel_width_px_max: 11
    numeral_font_size_px: 28
    major_tick_length_px: 18
    minor_tick_length_px: 8
    major_tick_width_px: 4
    major_tick_width_px_min: 3
    major_tick_width_px_max: 5
    minor_tick_width_px: 2
    minor_tick_width_px_min: 1
    minor_tick_width_px_max: 2
    minor_tick_dot_radius_px: 3
    hour_hand_width_px: 12
    hour_hand_width_px_min: 10
    hour_hand_width_px_max: 13
    minute_hand_width_px: 8
    minute_hand_width_px_min: 7
    minute_hand_width_px_max: 9
    second_hand_width_px: 3
    second_hand_width_px_min: 2
    second_hand_width_px_max: 3
    hand_bbox_padding_px: 6
    center_dot_radius_px: 8
    center_dot_radius_px_min: 7
    center_dot_radius_px_max: 9
    inner_ring_inset_px: 18
    inner_ring_width_px: 4
    inner_ring_width_px_min: 3
    inner_ring_width_px_max: 5
  task_overrides:
    task_symbolic__clock__offset_readout:
      canvas_height: 860
    task_symbolic__clock__hand_angle_value:
      canvas_height: 860
    task_symbolic__clock__full_time_readout:
      canvas_height: 860
    task_symbolic__clock__alarm_wait_time_value:
      canvas_height: 860
    task_symbolic__clock__time_extremum_label:
      canvas_width: 960
      canvas_height: 760
      outer_margin_px: 40
      face_radius_px: 84
      bezel_width_px: 8
      bezel_width_px_min: 7
      bezel_width_px_max: 9
      numeral_font_size_px: 18
      major_tick_length_px: 14
      minor_tick_length_px: 6
      major_tick_width_px: 3
      major_tick_width_px_min: 2
      major_tick_width_px_max: 4
      minor_tick_width_px: 2
      minor_tick_width_px_min: 1
      minor_tick_width_px_max: 2
      minor_tick_dot_radius_px: 2
      hour_hand_width_px: 8
      hour_hand_width_px_min: 7
      hour_hand_width_px_max: 9
      minute_hand_width_px: 6
      minute_hand_width_px_min: 5
      minute_hand_width_px_max: 7
      second_hand_width_px: 2
      second_hand_width_px_min: 2
      second_hand_width_px_max: 3
      hand_bbox_padding_px: 5
      center_dot_radius_px: 6
      center_dot_radius_px_min: 5
      center_dot_radius_px_max: 7
      inner_ring_inset_px: 14
      inner_ring_width_px: 3
      inner_ring_width_px_min: 2
      inner_ring_width_px_max: 4
      label_font_size_px: 28
      label_gap_px: 20
      grid_col_gap_px: 30
      grid_row_gap_px: 34
    task_symbolic__clock__equivalent_time_label:
      canvas_width: 980
      canvas_height: 760
      outer_margin_px: 40
      face_radius_px: 90
      bezel_width_px: 8
      bezel_width_px_min: 7
      bezel_width_px_max: 9
      numeral_font_size_px: 17
      major_tick_length_px: 13
      minor_tick_length_px: 6
      major_tick_width_px: 3
      major_tick_width_px_min: 2
      major_tick_width_px_max: 4
      minor_tick_width_px: 2
      minor_tick_width_px_min: 1
      minor_tick_width_px_max: 2
      minor_tick_dot_radius_px: 2
      hour_hand_width_px: 8
      hour_hand_width_px_min: 7
      hour_hand_width_px_max: 9
      minute_hand_width_px: 6
      minute_hand_width_px_min: 5
      minute_hand_width_px_max: 7
      second_hand_width_px: 2
      second_hand_width_px_min: 2
      second_hand_width_px_max: 3
      hand_bbox_padding_px: 5
      center_dot_radius_px: 6
      center_dot_radius_px_min: 5
      center_dot_radius_px_max: 7
      inner_ring_inset_px: 13
      inner_ring_width_px: 3
      inner_ring_width_px_min: 2
      inner_ring_width_px_max: 4
      reference_clock_radius_px: 136
      option_clock_radius_px: 76
      label_font_size_px: 28
      panel_title_font_size_px: 23
      digital_font_size_px: 58
      option_digital_font_size_px: 42
      digital_corner_radius_px: 18
    task_symbolic__clock__elapsed_time_value:
      canvas_width: 880
      canvas_height: 760
      outer_margin_px: 40
      face_radius_px: 118
      bezel_width_px: 8
      bezel_width_px_min: 7
      bezel_width_px_max: 9
      numeral_font_size_px: 18
      major_tick_length_px: 14
      minor_tick_length_px: 6
      major_tick_width_px: 3
      major_tick_width_px_min: 2
      major_tick_width_px_max: 4
      minor_tick_width_px: 2
      minor_tick_width_px_min: 1
      minor_tick_width_px_max: 2
      minor_tick_dot_radius_px: 2
      hour_hand_width_px: 8
      hour_hand_width_px_min: 7
      hour_hand_width_px_max: 9
      minute_hand_width_px: 6
      minute_hand_width_px_min: 5
      minute_hand_width_px_max: 7
      second_hand_width_px: 2
      second_hand_width_px_min: 2
      second_hand_width_px_max: 3
      hand_bbox_padding_px: 5
      center_dot_radius_px: 6
      center_dot_radius_px_min: 5
      center_dot_radius_px_max: 7
      inner_ring_inset_px: 14
      inner_ring_width_px: 3
      inner_ring_width_px_min: 2
      inner_ring_width_px_max: 4
      card_width_px: 300
      card_height_px: 330
      card_gap_px: 80
      label_font_size_px: 34
      caption_font_size_px: 18
    task_symbolic__clock__sequence_completion_label:
      canvas_width: 980
      canvas_height: 760
      outer_margin_px: 40
      face_radius_px: 78
      bezel_width_px: 7
      bezel_width_px_min: 6
      bezel_width_px_max: 8
      numeral_font_size_px: 15
      major_tick_length_px: 12
      minor_tick_length_px: 5
      major_tick_width_px: 3
      major_tick_width_px_min: 2
      major_tick_width_px_max: 3
      minor_tick_width_px: 2
      minor_tick_width_px_min: 1
      minor_tick_width_px_max: 2
      minor_tick_dot_radius_px: 2
      hour_hand_width_px: 7
      hour_hand_width_px_min: 6
      hour_hand_width_px_max: 8
      minute_hand_width_px: 5
      minute_hand_width_px_min: 4
      minute_hand_width_px_max: 6
      second_hand_width_px: 2
      second_hand_width_px_min: 2
      second_hand_width_px_max: 3
      hand_bbox_padding_px: 5
      center_dot_radius_px: 5
      center_dot_radius_px_min: 4
      center_dot_radius_px_max: 6
      inner_ring_inset_px: 12
      inner_ring_width_px: 2
      inner_ring_width_px_min: 2
      inner_ring_width_px_max: 3
      top_card_width_px: 205
      top_card_height_px: 220
      option_card_width_px: 205
      option_card_height_px: 220
      card_gap_px: 20
      top_row_y_px: 70
      option_row_y_px: 430
      label_font_size_px: 28
      missing_mark_font_size_px: 78
    task_symbolic__clock__time_order_label:
      canvas_width: 980
      canvas_height: 760
      outer_margin_px: 40
      face_radius_px: 76
      bezel_width_px: 7
      bezel_width_px_min: 6
      bezel_width_px_max: 8
      numeral_font_size_px: 15
      major_tick_length_px: 12
      minor_tick_length_px: 5
      major_tick_width_px: 3
      major_tick_width_px_min: 2
      major_tick_width_px_max: 3
      minor_tick_width_px: 2
      minor_tick_width_px_min: 1
      minor_tick_width_px_max: 2
      minor_tick_dot_radius_px: 2
      hour_hand_width_px: 7
      hour_hand_width_px_min: 6
      hour_hand_width_px_max: 8
      minute_hand_width_px: 5
      minute_hand_width_px_min: 4
      minute_hand_width_px_max: 6
      second_hand_width_px: 2
      second_hand_width_px_min: 2
      second_hand_width_px_max: 3
      hand_bbox_padding_px: 5
      center_dot_radius_px: 5
      center_dot_radius_px_min: 4
      center_dot_radius_px_max: 6
      inner_ring_inset_px: 12
      inner_ring_width_px: 2
      inner_ring_width_px_min: 2
      inner_ring_width_px_max: 3
      clock_row_y_px: 184
      clock_label_y_px: 326
      clock_gap_px: 66
      clock_label_font_size_px: 30
      option_grid_y_px: 450
      option_card_width_px: 280
      option_card_height_px: 88
      option_card_gap_x_px: 22
      option_card_gap_y_px: 22
      option_card_radius_px: 14
      option_label_font_size_px: 23
      option_order_font_size_px: 28

prompt:
  shared:
    bundle_id: symbolic_clock_v1
    scene_key: clock
  task_overrides:
    task_symbolic__clock__offset_readout:
      task_key: clock_offset_readout_query
    task_symbolic__clock__time_extremum_label:
      task_key: clock_time_extremum_label_query
    task_symbolic__clock__equivalent_time_label:
      task_key: clock_equivalent_time_label_query
    task_symbolic__clock__elapsed_time_value:
      task_key: clock_elapsed_time_value_query
    task_symbolic__clock__sequence_completion_label:
      task_key: clock_sequence_completion_label_query
    task_symbolic__clock__time_order_label:
      task_key: clock_time_order_label_query
    task_symbolic__clock__hand_angle_value:
      task_key: clock_hand_angle_value_query
    task_symbolic__clock__full_time_readout:
      task_key: clock_full_time_readout_query
    task_symbolic__clock__alarm_wait_time_value:
      task_key: clock_alarm_wait_time_value_query

visual:
  background:
    enabled: true
  noise:
    apply_prob: 0.5
    edit_count_range: [1, 2]
